
Microsoft Visual Studio Solution File, Format Version 12.00
# Visual Studio 15
VisualStudioVersion = 15.0.28010.2050
MinimumVisualStudioVersion = 10.0.40219.1
Project("{FAE04EC0-301F-11D3-BF4B-00C04F79EFBC}") = "Lab10", "Lab10\Lab10.csproj", "{8DCE8F62-7A32-42CC-A5A1-B7AC085928DE}"
EndProject
Global
	GlobalSection(SolutionConfigurationPlatforms) = preSolution
		Debug|Any CPU = Debug|Any CPU
		Release|Any CPU = Release|Any CPU
	EndGlobalSection
	GlobalSection(ProjectConfigurationPlatforms) = postSolution
		{8DCE8F62-7A32-42CC-A5A1-B7AC085928DE}.Debug|Any CPU.ActiveCfg = Debug|Any CPU
		{8DCE8F62-7A32-42CC-A5A1-B7AC085928DE}.Debug|Any CPU.Build.0 = Debug|Any CPU
		{8DCE8F62-7A32-42CC-A5A1-B7AC085928DE}.Release|Any CPU.ActiveCfg = Release|Any CPU
		{8DCE8F62-7A32-42CC-A5A1-B7AC085928DE}.Release|Any CPU.Build.0 = Release|Any CPU
	EndGlobalSection
	GlobalSection(SolutionProperties) = preSolution
		HideSolutionNode = FALSE
	EndGlobalSection
	GlobalSection(ExtensibilityGlobals) = postSolution
		SolutionGuid = {F0120915-CADF-41A4-B0EA-8923CD01FCCC}
	EndGlobalSection
EndGlobal
